
Microsoft Visual Studio Solution File, Format Version 12.00
# Visual Studio Version 17
VisualStudioVersion = 17.11.35222.181
MinimumVisualStudioVersion = 10.0.40219.1
Project("{FAE04EC0-301F-11D3-BF4B-00C04F79EFBC}") = "PasswordMaker", "PasswordMaker.csproj", "{0019D73C-44BB-422E-971B-47F787BBEC01}"
EndProject
Global
	GlobalSection(SolutionConfigurationPlatforms) = preSolution
		Debug|Any CPU = Debug|Any CPU
		Release|Any CPU = Release|Any CPU
	EndGlobalSection
	GlobalSection(ProjectConfigurationPlatforms) = postSolution
		{0019D73C-44BB-422E-971B-47F787BBEC01}.Debug|Any CPU.ActiveCfg = Debug|Any CPU
		{0019D73C-44BB-422E-971B-47F787BBEC01}.Debug|Any CPU.Build.0 = Debug|Any CPU
		{0019D73C-44BB-422E-971B-47F787BBEC01}.Release|Any CPU.ActiveCfg = Release|Any CPU
		{0019D73C-44BB-422E-971B-47F787BBEC01}.Release|Any CPU.Build.0 = Release|Any CPU
	EndGlobalSection
	GlobalSection(SolutionProperties) = preSolution
		HideSolutionNode = FALSE
	EndGlobalSection
	GlobalSection(ExtensibilityGlobals) = postSolution
		SolutionGuid = {AA9AEA6D-EB41-47AC-99A3-67C42FDDEDE1}
	EndGlobalSection
EndGlobal
